
Microsoft Visual Studio Solution File, Format Version 12.00
# Visual Studio Version 17
VisualStudioVersion = 17.2.32630.192
MinimumVisualStudioVersion = 10.0.40219.1
Project("{FAE04EC0-301F-11D3-BF4B-00C04F79EFBC}") = "eTickets", "eTickets\eTickets.csproj", "{67A11FF3-6E9E-4CCC-A03E-DD1EC999689E}"
EndProject
Global
	GlobalSection(SolutionConfigurationPlatforms) = preSolution
		Debug|Any CPU = Debug|Any CPU
		Release|Any CPU = Release|Any CPU
	EndGlobalSection
	GlobalSection(ProjectConfigurationPlatforms) = postSolution
		{67A11FF3-6E9E-4CCC-A03E-DD1EC999689E}.Debug|Any CPU.ActiveCfg = Debug|Any CPU
		{67A11FF3-6E9E-4CCC-A03E-DD1EC999689E}.Debug|Any CPU.Build.0 = Debug|Any CPU
		{67A11FF3-6E9E-4CCC-A03E-DD1EC999689E}.Release|Any CPU.ActiveCfg = Release|Any CPU
		{67A11FF3-6E9E-4CCC-A03E-DD1EC999689E}.Release|Any CPU.Build.0 = Release|Any CPU
	EndGlobalSection
	GlobalSection(SolutionProperties) = preSolution
		HideSolutionNode = FALSE
	EndGlobalSection
	GlobalSection(ExtensibilityGlobals) = postSolution
		SolutionGuid = {50999A1D-765F-48DE-8D13-1BA4EA4D9390}
	EndGlobalSection
EndGlobal
